// !$*UTF8*$!
{
	archiveVersion = 1;
	classes = {
	};
	objectVersion = 56;
	objects = {

/* Begin PBXBuildFile section */
		725B57D2294CE8B800E2BE34 /* SnapKit in Frameworks */ = {isa = PBXBuildFile; productRef = 725B57D1294CE8B800E2BE34 /* SnapKit */; };
		725B57D5294D3C2700E2BE34 /* UIImage.swift in Sources */ = {isa = PBXBuildFile; fileRef = 725B57D4294D3C2700E2BE34 /* UIImage.swift */; };
		725B57DB294F976800E2BE34 /* TableViewModel.swift in Sources */ = {isa = PBXBuildFile; fileRef = 725B57DA294F976800E2BE34 /* TableViewModel.swift */; };
		725B57DD294FA1C100E2BE34 /* SecondVCContainerView.swift in Sources */ = {isa = PBXBuildFile; fileRef = 725B57DC294FA1C100E2BE34 /* SecondVCContainerView.swift */; };
		72CDB8422947283700B9F169 /* AppDelegate.swift in Sources */ = {isa = PBXBuildFile; fileRef = 72CDB8412947283700B9F169 /* AppDelegate.swift */; };
		72CDB8442947283700B9F169 /* SceneDelegate.swift in Sources */ = {isa = PBXBuildFile; fileRef = 72CDB8432947283700B9F169 /* SceneDelegate.swift */; };
		72CDB8462947283700B9F169 /* TableViewController.swift in Sources */ = {isa = PBXBuildFile; fileRef = 72CDB8452947283700B9F169 /* TableViewController.swift */; };
		72CDB84B2947283900B9F169 /* Assets.xcassets in Resources */ = {isa = PBXBuildFile; fileRef = 72CDB84A2947283900B9F169 /* Assets.xcassets */; };
		72CDB84E2947283900B9F169 /* LaunchScreen.storyboard in Resources */ = {isa = PBXBuildFile; fileRef = 72CDB84C2947283900B9F169 /* LaunchScreen.storyboard */; };
		72CDB872294A74B700B9F169 /* SecondViewController.swift in Sources */ = {isa = PBXBuildFile; fileRef = 72CDB871294A74B700B9F169 /* SecondViewController.swift */; };
		72CDB8B6294CE36600B9F169 /* MyTableViewCell.swift in Sources */ = {isa = PBXBuildFile; fileRef = 72CDB8B5294CE36600B9F169 /* MyTableViewCell.swift */; };
/* End PBXBuildFile section */

/* Begin PBXFileReference section */
		725B57D4294D3C2700E2BE34 /* UIImage.swift */ = {isa = PBXFileReference; lastKnownFileType = sourcecode.swift; path = UIImage.swift; sourceTree = "<group>"; };
		725B57DA294F976800E2BE34 /* TableViewModel.swift */ = {isa = PBXFileReference; lastKnownFileType = sourcecode.swift; path = TableViewModel.swift; sourceTree = "<group>"; };
		725B57DC294FA1C100E2BE34 /* SecondVCContainerView.swift */ = {isa = PBXFileReference; lastKnownFileType = sourcecode.swift; path = SecondVCContainerView.swift; sourceTree = "<group>"; };
		72CDB83E2947283700B9F169 /* Task2.app */ = {isa = PBXFileReference; explicitFileType = wrapper.application; includeInIndex = 0; path = Task2.app; sourceTree = BUILT_PRODUCTS_DIR; };
		72CDB8412947283700B9F169 /* AppDelegate.swift */ = {isa = PBXFileReference; lastKnownFileType = sourcecode.swift; path = AppDelegate.swift; sourceTree = "<group>"; };
		72CDB8432947283700B9F169 /* SceneDelegate.swift */ = {isa = PBXFileReference; lastKnownFileType = sourcecode.swift; path = SceneDelegate.swift; sourceTree = "<group>"; };
		72CDB8452947283700B9F169 /* TableViewController.swift */ = {isa = PBXFileReference; lastKnownFileType = sourcecode.swift; path = TableViewController.swift; sourceTree = "<group>"; };
		72CDB84A2947283900B9F169 /* Assets.xcassets */ = {isa = PBXFileReference; lastKnownFileType = folder.assetcatalog; path = Assets.xcassets; sourceTree = "<group>"; };
		72CDB84D2947283900B9F169 /* Base */ = {isa = PBXFileReference; lastKnownFileType = file.storyboard; name = Base; path = Base.lproj/LaunchScreen.storyboard; sourceTree = "<group>"; };
		72CDB84F2947283900B9F169 /* Info.plist */ = {isa = PBXFileReference; lastKnownFileType = text.plist.xml; path = Info.plist; sourceTree = "<group>"; };
		72CDB871294A74B700B9F169 /* SecondViewController.swift */ = {isa = PBXFileReference; lastKnownFileType = sourcecode.swift; path = SecondViewController.swift; sourceTree = "<group>"; };
		72CDB8B5294CE36600B9F169 /* MyTableViewCell.swift */ = {isa = PBXFileReference; lastKnownFileType = sourcecode.swift; path = MyTableViewCell.swift; sourceTree = "<group>"; };
/* End PBXFileReference section */

/* Begin PBXFrameworksBuildPhase section */
		72CDB83B2947283700B9F169 /* Frameworks */ = {
			isa = PBXFrameworksBuildPhase;
			buildActionMask = 2147483647;
			files = (
				725B57D2294CE8B800E2BE34 /* SnapKit in Frameworks */,
			);
			runOnlyForDeploymentPostprocessing = 0;
		};
/* End PBXFrameworksBuildPhase section */

/* Begin PBXGroup section */
		725B57D3294D3BDC00E2BE34 /* Extensions */ = {
			isa = PBXGroup;
			children = (
				725B57D4294D3C2700E2BE34 /* UIImage.swift */,
			);
			path = Extensions;
			sourceTree = "<group>";
		};
		725B57D6294F8D5600E2BE34 /* Models */ = {
			isa = PBXGroup;
			children = (
				725B57DA294F976800E2BE34 /* TableViewModel.swift */,
			);
			path = Models;
			sourceTree = "<group>";
		};
		725B57D7294F8D6000E2BE34 /* Views */ = {
			isa = PBXGroup;
			children = (
				72CDB8B5294CE36600B9F169 /* MyTableViewCell.swift */,
				725B57DC294FA1C100E2BE34 /* SecondVCContainerView.swift */,
			);
			path = Views;
			sourceTree = "<group>";
		};
		725B57D8294F8D6700E2BE34 /* Controllers */ = {
			isa = PBXGroup;
			children = (
				72CDB8452947283700B9F169 /* TableViewController.swift */,
				72CDB871294A74B700B9F169 /* SecondViewController.swift */,
			);
			path = Controllers;
			sourceTree = "<group>";
		};
		725B57D9294F8D8E00E2BE34 /* Support Files */ = {
			isa = PBXGroup;
			children = (
				72CDB8412947283700B9F169 /* AppDelegate.swift */,
				72CDB8432947283700B9F169 /* SceneDelegate.swift */,
				72CDB84C2947283900B9F169 /* LaunchScreen.storyboard */,
				72CDB84A2947283900B9F169 /* Assets.xcassets */,
			);
			path = "Support Files";
			sourceTree = "<group>";
		};
		72CDB8352947283700B9F169 = {
			isa = PBXGroup;
			children = (
				72CDB8402947283700B9F169 /* Task2 */,
				72CDB83F2947283700B9F169 /* Products */,
			);
			sourceTree = "<group>";
		};
		72CDB83F2947283700B9F169 /* Products */ = {
			isa = PBXGroup;
			children = (
				72CDB83E2947283700B9F169 /* Task2.app */,
			);
			name = Products;
			sourceTree = "<group>";
		};
		72CDB8402947283700B9F169 /* Task2 */ = {
			isa = PBXGroup;
			children = (
				725B57D6294F8D5600E2BE34 /* Models */,
				725B57D7294F8D6000E2BE34 /* Views */,
				725B57D8294F8D6700E2BE34 /* Controllers */,
				725B57D3294D3BDC00E2BE34 /* Extensions */,
				725B57D9294F8D8E00E2BE34 /* Support Files */,
				72CDB84F2947283900B9F169 /* Info.plist */,
			);
			path = Task2;
			sourceTree = "<group>";
		};
/* End PBXGroup section */

/* Begin PBXNativeTarget section */
		72CDB83D2947283700B9F169 /* Task2 */ = {
			isa = PBXNativeTarget;
			buildConfigurationList = 72CDB8522947283900B9F169 /* Build configuration list for PBXNativeTarget "Task2" */;
			buildPhases = (
				72CDB83A2947283700B9F169 /* Sources */,
				72CDB83B2947283700B9F169 /* Frameworks */,
				72CDB83C2947283700B9F169 /* Resources */,
			);
			buildRules = (
			);
			dependencies = (
			);
			name = Task2;
			packageProductDependencies = (
				725B57D1294CE8B800E2BE34 /* SnapKit */,
			);
			productName = Task2;
			productReference = 72CDB83E2947283700B9F169 /* Task2.app */;
			productType = "com.apple.product-type.application";
		};
/* End PBXNativeTarget section */

/* Begin PBXProject section */
		72CDB8362947283700B9F169 /* Project object */ = {
			isa = PBXProject;
			attributes = {
				BuildIndependentTargetsInParallel = 1;
				LastSwiftUpdateCheck = 1400;
				LastUpgradeCheck = 1400;
				TargetAttributes = {
					72CDB83D2947283700B9F169 = {
						CreatedOnToolsVersion = 14.0.1;
					};
				};
			};
			buildConfigurationList = 72CDB8392947283700B9F169 /* Build configuration list for PBXProject "Task2" */;
			compatibilityVersion = "Xcode 14.0";
			developmentRegion = en;
			hasScannedForEncodings = 0;
			knownRegions = (
				en,
				Base,
			);
			mainGroup = 72CDB8352947283700B9F169;
			packageReferences = (
				725B57D0294CE8B800E2BE34 /* XCRemoteSwiftPackageReference "SnapKit" */,
			);
			productRefGroup = 72CDB83F2947283700B9F169 /* Products */;
			projectDirPath = "";
			projectRoot = "";
			targets = (
				72CDB83D2947283700B9F169 /* Task2 */,
			);
		};
/* End PBXProject section */

/* Begin PBXResourcesBuildPhase section */
		72CDB83C2947283700B9F169 /* Resources */ = {
			isa = PBXResourcesBuildPhase;
			buildActionMask = 2147483647;
			files = (
				72CDB84E2947283900B9F169 /* LaunchScreen.storyboard in Resources */,
				72CDB84B2947283900B9F169 /* Assets.xcassets in Resources */,
			);
			runOnlyForDeploymentPostprocessing = 0;
		};
/* End PBXResourcesBuildPhase section */

/* Begin PBXSourcesBuildPhase section */
		72CDB83A2947283700B9F169 /* Sources */ = {
			isa = PBXSourcesBuildPhase;
			buildActionMask = 2147483647;
			files = (
				72CDB872294A74B700B9F169 /* SecondViewController.swift in Sources */,
				725B57DD294FA1C100E2BE34 /* SecondVCContainerView.swift in Sources */,
				725B57DB294F976800E2BE34 /* TableViewModel.swift in Sources */,
				72CDB8462947283700B9F169 /* TableViewController.swift in Sources */,
				72CDB8422947283700B9F169 /* AppDelegate.swift in Sources */,
				725B57D5294D3C2700E2BE34 /* UIImage.swift in Sources */,
				72CDB8B6294CE36600B9F169 /* MyTableViewCell.swift in Sources */,
				72CDB8442947283700B9F169 /* SceneDelegate.swift in Sources */,
			);
			runOnlyForDeploymentPostprocessing = 0;
		};
/* End PBXSourcesBuildPhase section */

/* Begin PBXVariantGroup section */
		72CDB84C2947283900B9F169 /* LaunchScreen.storyboard */ = {
			isa = PBXVariantGroup;
			children = (
				72CDB84D2947283900B9F169 /* Base */,
			);
			name = LaunchScreen.storyboard;
			sourceTree = "<group>";
		};
/* End PBXVariantGroup section */

/* Begin XCBuildConfiguration section */
		72CDB8502947283900B9F169 /* Debug */ = {
			isa = XCBuildConfiguration;
			buildSettings = {
				ALWAYS_SEARCH_USER_PATHS = NO;
				CLANG_ANALYZER_NONNULL = YES;
				CLANG_ANALYZER_NUMBER_OBJECT_CONVERSION = YES_AGGRESSIVE;
				CLANG_CXX_LANGUAGE_STANDARD = "gnu++20";
				CLANG_ENABLE_MODULES = YES;
				CLANG_ENABLE_OBJC_ARC = YES;
				CLANG_ENABLE_OBJC_WEAK = YES;
				CLANG_WARN_BLOCK_CAPTURE_AUTORELEASING = YES;
				CLANG_WARN_BOOL_CONVERSION = YES;
				CLANG_WARN_COMMA = YES;
				CLANG_WARN_CONSTANT_CONVERSION = YES;
				CLANG_WARN_DEPRECATED_OBJC_IMPLEMENTATIONS = YES;
				CLANG_WARN_DIRECT_OBJC_ISA_USAGE = YES_ERROR;
				CLANG_WARN_DOCUMENTATION_COMMENTS = YES;
				CLANG_WARN_EMPTY_BODY = YES;
				CLANG_WARN_ENUM_CONVERSION = YES;
				CLANG_WARN_INFINITE_RECURSION = YES;
				CLANG_WARN_INT_CONVERSION = YES;
				CLANG_WARN_NON_LITERAL_NULL_CONVERSION = YES;
				CLANG_WARN_OBJC_IMPLICIT_RETAIN_SELF = YES;
				CLANG_WARN_OBJC_LITERAL_CONVERSION = YES;
				CLANG_WARN_OBJC_ROOT_CLASS = YES_ERROR;
				CLANG_WARN_QUOTED_INCLUDE_IN_FRAMEWORK_HEADER = YES;
				CLANG_WARN_RANGE_LOOP_ANALYSIS = YES;
				CLANG_WARN_STRICT_PROTOTYPES = YES;
				CLANG_WARN_SUSPICIOUS_MOVE = YES;
				CLANG_WARN_UNGUARDED_AVAILABILITY = YES_AGGRESSIVE;
				CLANG_WARN_UNREACHABLE_CODE = YES;
				CLANG_WARN__DUPLICATE_METHOD_MATCH = YES;
				COPY_PHASE_STRIP = NO;
				DEBUG_INFORMATION_FORMAT = dwarf;
				ENABLE_STRICT_OBJC_MSGSEND = YES;
				ENABLE_TESTABILITY = YES;
				GCC_C_LANGUAGE_STANDARD = gnu11;
				GCC_DYNAMIC_NO_PIC = NO;
				GCC_NO_COMMON_BLOCKS = YES;
				GCC_OPTIMIZATION_LEVEL = 0;
				GCC_PREPROCESSOR_DEFINITIONS = (
					"DEBUG=1",
					"$(inherited)",
				);
				GCC_WARN_64_TO_32_BIT_CONVERSION = YES;
				GCC_WARN_ABOUT_RETURN_TYPE = YES_ERROR;
				GCC_WARN_UNDECLARED_SELECTOR = YES;
				GCC_WARN_UNINITIALIZED_AUTOS = YES_AGGRESSIVE;
				GCC_WARN_UNUSED_FUNCTION = YES;
				GCC_WARN_UNUSED_VARIABLE = YES;
				IPHONEOS_DEPLOYMENT_TARGET = 16.0;
				MTL_ENABLE_DEBUG_INFO = INCLUDE_SOURCE;
				MTL_FAST_MATH = YES;
				ONLY_ACTIVE_ARCH = YES;
				SDKROOT = iphoneos;
				SWIFT_ACTIVE_COMPILATION_CONDITIONS = DEBUG;
				SWIFT_OPTIMIZATION_LEVEL = "-Onone";
			};
			name = Debug;
		};
		72CDB8512947283900B9F169 /* Release */ = {
			isa = XCBuildConfiguration;
			buildSettings = {
				ALWAYS_SEARCH_USER_PATHS = NO;
				CLANG_ANALYZER_NONNULL = YES;
				CLANG_ANALYZER_NUMBER_OBJECT_CONVERSION = YES_AGGRESSIVE;
				CLANG_CXX_LANGUAGE_STANDARD = "gnu++20";
				CLANG_ENABLE_MODULES = YES;
				CLANG_ENABLE_OBJC_ARC = YES;
				CLANG_ENABLE_OBJC_WEAK = YES;
				CLANG_WARN_BLOCK_CAPTURE_AUTORELEASING = YES;
				CLANG_WARN_BOOL_CONVERSION = YES;
				CLANG_WARN_COMMA = YES;
				CLANG_WARN_CONSTANT_CONVERSION = YES;
				CLANG_WARN_DEPRECATED_OBJC_IMPLEMENTATIONS = YES;
				CLANG_WARN_DIRECT_OBJC_ISA_USAGE = YES_ERROR;
				CLANG_WARN_DOCUMENTATION_COMMENTS = YES;
				CLANG_WARN_EMPTY_BODY = YES;
				CLANG_WARN_ENUM_CONVERSION = YES;
				CLANG_WARN_INFINITE_RECURSION = YES;
				CLANG_WARN_INT_CONVERSION = YES;
				CLANG_WARN_NON_LITERAL_NULL_CONVERSION = YES;
				CLANG_WARN_OBJC_IMPLICIT_RETAIN_SELF = YES;
				CLANG_WARN_OBJC_LITERAL_CONVERSION = YES;
				CLANG_WARN_OBJC_ROOT_CLASS = YES_ERROR;
				CLANG_WARN_QUOTED_INCLUDE_IN_FRAMEWORK_HEADER = YES;
				CLANG_WARN_RANGE_LOOP_ANALYSIS = YES;
				CLANG_WARN_STRICT_PROTOTYPES = YES;
				CLANG_WARN_SUSPICIOUS_MOVE = YES;
				CLANG_WARN_UNGUARDED_AVAILABILITY = YES_AGGRESSIVE;
				CLANG_WARN_UNREACHABLE_CODE = YES;
				CLANG_WARN__DUPLICATE_METHOD_MATCH = YES;
				COPY_PHASE_STRIP = NO;
				DEBUG_INFORMATION_FORMAT = "dwarf-with-dsym";
				ENABLE_NS_ASSERTIONS = NO;
				ENABLE_STRICT_OBJC_MSGSEND = YES;
				GCC_C_LANGUAGE_STANDARD = gnu11;
				GCC_NO_COMMON_BLOCKS = YES;
				GCC_WARN_64_TO_32_BIT_CONVERSION = YES;
				GCC_WARN_ABOUT_RETURN_TYPE = YES_ERROR;
				GCC_WARN_UNDECLARED_SELECTOR = YES;
				GCC_WARN_UNINITIALIZED_AUTOS = YES_AGGRESSIVE;
				GCC_WARN_UNUSED_FUNCTION = YES;
				GCC_WARN_UNUSED_VARIABLE = YES;
				IPHONEOS_DEPLOYMENT_TARGET = 16.0;
				MTL_ENABLE_DEBUG_INFO = NO;
				MTL_FAST_MATH = YES;
				SDKROOT = iphoneos;
				SWIFT_COMPILATION_MODE = wholemodule;
				SWIFT_OPTIMIZATION_LEVEL = "-O";
				VALIDATE_PRODUCT = YES;
			};
			name = Release;
		};
		72CDB8532947283900B9F169 /* Debug */ = {
			isa = XCBuildConfiguration;
			buildSettings = {
				ASSETCATALOG_COMPILER_APPICON_NAME = AppIcon;
				ASSETCATALOG_COMPILER_GLOBAL_ACCENT_COLOR_NAME = AccentColor;
				CODE_SIGN_STYLE = Automatic;
				CURRENT_PROJECT_VERSION = 1;
				DEVELOPMENT_TEAM = B6Y7YG7T65;
				GENERATE_INFOPLIST_FILE = YES;
				INFOPLIST_FILE = Task2/Info.plist;
				INFOPLIST_KEY_UIApplicationSupportsIndirectInputEvents = YES;
				INFOPLIST_KEY_UILaunchStoryboardName = LaunchScreen;
				INFOPLIST_KEY_UISupportedInterfaceOrientations_iPad = "UIInterfaceOrientationPortrait UIInterfaceOrientationPortraitUpsideDown UIInterfaceOrientationLandscapeLeft UIInterfaceOrientationLandscapeRight";
				INFOPLIST_KEY_UISupportedInterfaceOrientations_iPhone = "UIInterfaceOrientationPortrait UIInterfaceOrientationLandscapeLeft UIInterfaceOrientationLandscapeRight";
				LD_RUNPATH_SEARCH_PATHS = (
					"$(inherited)",
					"@executable_path/Frameworks",
				);
				MARKETING_VERSION = 1.0;
				PRODUCT_BUNDLE_IDENTIFIER = clevertec.saiko.Task2;
				PRODUCT_NAME = "$(TARGET_NAME)";
				SWIFT_EMIT_LOC_STRINGS = YES;
				SWIFT_VERSION = 5.0;
				TARGETED_DEVICE_FAMILY = "1,2";
			};
			name = Debug;
		};
		72CDB8542947283900B9F169 /* Release */ = {
			isa = XCBuildConfiguration;
			buildSettings = {
				ASSETCATALOG_COMPILER_APPICON_NAME = AppIcon;
				ASSETCATALOG_COMPILER_GLOBAL_ACCENT_COLOR_NAME = AccentColor;
				CODE_SIGN_STYLE = Automatic;
				CURRENT_PROJECT_VERSION = 1;
				DEVELOPMENT_TEAM = B6Y7YG7T65;
				GENERATE_INFOPLIST_FILE = YES;
				INFOPLIST_FILE = Task2/Info.plist;
				INFOPLIST_KEY_UIApplicationSupportsIndirectInputEvents = YES;
				INFOPLIST_KEY_UILaunchStoryboardName = LaunchScreen;
				INFOPLIST_KEY_UISupportedInterfaceOrientations_iPad = "UIInterfaceOrientationPortrait UIInterfaceOrientationPortraitUpsideDown UIInterfaceOrientationLandscapeLeft UIInterfaceOrientationLandscapeRight";
				INFOPLIST_KEY_UISupportedInterfaceOrientations_iPhone = "UIInterfaceOrientationPortrait UIInterfaceOrientationLandscapeLeft UIInterfaceOrientationLandscapeRight";
				LD_RUNPATH_SEARCH_PATHS = (
					"$(inherited)",
					"@executable_path/Frameworks",
				);
				MARKETING_VERSION = 1.0;
				PRODUCT_BUNDLE_IDENTIFIER = clevertec.saiko.Task2;
				PRODUCT_NAME = "$(TARGET_NAME)";
				SWIFT_EMIT_LOC_STRINGS = YES;
				SWIFT_VERSION = 5.0;
				TARGETED_DEVICE_FAMILY = "1,2";
			};
			name = Release;
		};
/* End XCBuildConfiguration section */

/* Begin XCConfigurationList section */
		72CDB8392947283700B9F169 /* Build configuration list for PBXProject "Task2" */ = {
			isa = XCConfigurationList;
			buildConfigurations = (
				72CDB8502947283900B9F169 /* Debug */,
				72CDB8512947283900B9F169 /* Release */,
			);
			defaultConfigurationIsVisible = 0;
			defaultConfigurationName = Release;
		};
		72CDB8522947283900B9F169 /* Build configuration list for PBXNativeTarget "Task2" */ = {
			isa = XCConfigurationList;
			buildConfigurations = (
				72CDB8532947283900B9F169 /* Debug */,
				72CDB8542947283900B9F169 /* Release */,
			);
			defaultConfigurationIsVisible = 0;
			defaultConfigurationName = Release;
		};
/* End XCConfigurationList section */

/* Begin XCRemoteSwiftPackageReference section */
		725B57D0294CE8B800E2BE34 /* XCRemoteSwiftPackageReference "SnapKit" */ = {
			isa = XCRemoteSwiftPackageReference;
			repositoryURL = "https://github.com/SnapKit/SnapKit";
			requirement = {
				kind = upToNextMajorVersion;
				minimumVersion = 5.0.0;
			};
		};
/* End XCRemoteSwiftPackageReference section */

/* Begin XCSwiftPackageProductDependency section */
		725B57D1294CE8B800E2BE34 /* SnapKit */ = {
			isa = XCSwiftPackageProductDependency;
			package = 725B57D0294CE8B800E2BE34 /* XCRemoteSwiftPackageReference "SnapKit" */;
			productName = SnapKit;
		};
/* End XCSwiftPackageProductDependency section */
	};
	rootObject = 72CDB8362947283700B9F169 /* Project object */;
}
